
Microsoft Visual Studio Solution File, Format Version 12.00
# Visual Studio Version 16
VisualStudioVersion = 16.0.32901.82
MinimumVisualStudioVersion = 10.0.40219.1
Project("{9A19103F-16F7-4668-BE54-9A1E7A4F7556}") = "CLIENT", "CLIENT.csproj", "{40F007FB-42FD-410E-BB23-2600D4D4FFA3}"
EndProject
Project("{9A19103F-16F7-4668-BE54-9A1E7A4F7556}") = "API", "..\API\API.csproj", "{E1250319-6502-44F1-B34E-91C226E7CE4C}"
EndProject
Global
	GlobalSection(SolutionConfigurationPlatforms) = preSolution
		Debug|Any CPU = Debug|Any CPU
		Release|Any CPU = Release|Any CPU
	EndGlobalSection
	GlobalSection(ProjectConfigurationPlatforms) = postSolution
		{40F007FB-42FD-410E-BB23-2600D4D4FFA3}.Debug|Any CPU.ActiveCfg = Debug|Any CPU
		{40F007FB-42FD-410E-BB23-2600D4D4FFA3}.Debug|Any CPU.Build.0 = Debug|Any CPU
		{40F007FB-42FD-410E-BB23-2600D4D4FFA3}.Release|Any CPU.ActiveCfg = Release|Any CPU
		{40F007FB-42FD-410E-BB23-2600D4D4FFA3}.Release|Any CPU.Build.0 = Release|Any CPU
		{E1250319-6502-44F1-B34E-91C226E7CE4C}.Debug|Any CPU.ActiveCfg = Debug|Any CPU
		{E1250319-6502-44F1-B34E-91C226E7CE4C}.Debug|Any CPU.Build.0 = Debug|Any CPU
		{E1250319-6502-44F1-B34E-91C226E7CE4C}.Release|Any CPU.ActiveCfg = Release|Any CPU
		{E1250319-6502-44F1-B34E-91C226E7CE4C}.Release|Any CPU.Build.0 = Release|Any CPU
	EndGlobalSection
	GlobalSection(SolutionProperties) = preSolution
		HideSolutionNode = FALSE
	EndGlobalSection
	GlobalSection(ExtensibilityGlobals) = postSolution
		SolutionGuid = {95C59F00-FE86-46BE-AD55-19032204B1F7}
	EndGlobalSection
EndGlobal
